
Microsoft Visual Studio Solution File, Format Version 12.00
# Visual Studio Version 17
VisualStudioVersion = 17.14.36908.2
MinimumVisualStudioVersion = 10.0.40219.1
Project("{FAE04EC0-301F-11D3-BF4B-00C04F79EFBC}") = "CapaPresentacion", "ThreeTierProject\CapaPresentacion.csproj", "{AAD4DB28-181C-4877-B6AC-DB65C6966860}"
EndProject
Project("{FAE04EC0-301F-11D3-BF4B-00C04F79EFBC}") = "CapaNegocio", "CapaNegocio\CapaNegocio.csproj", "{D1710B6D-AB59-49FE-99DE-B19A7D61FB39}"
EndProject
Project("{FAE04EC0-301F-11D3-BF4B-00C04F79EFBC}") = "CapaDatos", "CapaDatos\CapaDatos.csproj", "{F73C1433-4FEA-4FA0-838E-6C95FAF39315}"
EndProject
Global
	GlobalSection(SolutionConfigurationPlatforms) = preSolution
		Debug|Any CPU = Debug|Any CPU
		Release|Any CPU = Release|Any CPU
	EndGlobalSection
	GlobalSection(ProjectConfigurationPlatforms) = postSolution
		{AAD4DB28-181C-4877-B6AC-DB65C6966860}.Debug|Any CPU.ActiveCfg = Debug|Any CPU
		{AAD4DB28-181C-4877-B6AC-DB65C6966860}.Debug|Any CPU.Build.0 = Debug|Any CPU
		{AAD4DB28-181C-4877-B6AC-DB65C6966860}.Release|Any CPU.ActiveCfg = Release|Any CPU
		{AAD4DB28-181C-4877-B6AC-DB65C6966860}.Release|Any CPU.Build.0 = Release|Any CPU
		{D1710B6D-AB59-49FE-99DE-B19A7D61FB39}.Debug|Any CPU.ActiveCfg = Debug|Any CPU
		{D1710B6D-AB59-49FE-99DE-B19A7D61FB39}.Debug|Any CPU.Build.0 = Debug|Any CPU
		{D1710B6D-AB59-49FE-99DE-B19A7D61FB39}.Release|Any CPU.ActiveCfg = Release|Any CPU
		{D1710B6D-AB59-49FE-99DE-B19A7D61FB39}.Release|Any CPU.Build.0 = Release|Any CPU
		{F73C1433-4FEA-4FA0-838E-6C95FAF39315}.Debug|Any CPU.ActiveCfg = Debug|Any CPU
		{F73C1433-4FEA-4FA0-838E-6C95FAF39315}.Debug|Any CPU.Build.0 = Debug|Any CPU
		{F73C1433-4FEA-4FA0-838E-6C95FAF39315}.Release|Any CPU.ActiveCfg = Release|Any CPU
		{F73C1433-4FEA-4FA0-838E-6C95FAF39315}.Release|Any CPU.Build.0 = Release|Any CPU
	EndGlobalSection
	GlobalSection(SolutionProperties) = preSolution
		HideSolutionNode = FALSE
	EndGlobalSection
	GlobalSection(ExtensibilityGlobals) = postSolution
		SolutionGuid = {80367A9D-C8AD-4A21-AA7B-8931359044B2}
	EndGlobalSection
EndGlobal
